
Microsoft Visual Studio Solution File, Format Version 12.00
# Visual Studio Version 17
VisualStudioVersion = 17.8.34309.116
MinimumVisualStudioVersion = 10.0.40219.1
Project("{FAE04EC0-301F-11D3-BF4B-00C04F79EFBC}") = "SignalR_WPF", "SignalR_WPF.csproj", "{0AB4A329-116D-4DBD-87AF-A9F067B57082}"
EndProject
Global
	GlobalSection(SolutionConfigurationPlatforms) = preSolution
		Debug|Any CPU = Debug|Any CPU
		Release|Any CPU = Release|Any CPU
	EndGlobalSection
	GlobalSection(ProjectConfigurationPlatforms) = postSolution
		{0AB4A329-116D-4DBD-87AF-A9F067B57082}.Debug|Any CPU.ActiveCfg = Debug|Any CPU
		{0AB4A329-116D-4DBD-87AF-A9F067B57082}.Debug|Any CPU.Build.0 = Debug|Any CPU
		{0AB4A329-116D-4DBD-87AF-A9F067B57082}.Release|Any CPU.ActiveCfg = Release|Any CPU
		{0AB4A329-116D-4DBD-87AF-A9F067B57082}.Release|Any CPU.Build.0 = Release|Any CPU
	EndGlobalSection
	GlobalSection(SolutionProperties) = preSolution
		HideSolutionNode = FALSE
	EndGlobalSection
	GlobalSection(ExtensibilityGlobals) = postSolution
		SolutionGuid = {7E26C524-3F08-4F59-8BDC-3B73F27398B6}
	EndGlobalSection
EndGlobal
